
Microsoft Visual Studio Solution File, Format Version 12.00
# Visual Studio Version 17
VisualStudioVersion = 17.0.31903.59
MinimumVisualStudioVersion = 10.0.40219.1
Project("{FAE04EC0-301F-11D3-BF4B-00C04F79EFBC}") = "SharedInterface", "SharedInterface\SharedInterface.csproj", "{1595D79B-122E-4FB9-9C2A-7B537E258679}"
EndProject
Project("{FAE04EC0-301F-11D3-BF4B-00C04F79EFBC}") = "CalculatorDll", "CalculatorDll\CalculatorDll.csproj", "{841C163C-F0F0-48F2-B60E-4147F90CB969}"
EndProject
Project("{FAE04EC0-301F-11D3-BF4B-00C04F79EFBC}") = "DllTest", "DllTest\DllTest.csproj", "{89C509E4-4803-4E95-AFF3-178D1ED31229}"
EndProject
Global
	GlobalSection(SolutionConfigurationPlatforms) = preSolution
		Debug|Any CPU = Debug|Any CPU
		Release|Any CPU = Release|Any CPU
	EndGlobalSection
	GlobalSection(SolutionProperties) = preSolution
		HideSolutionNode = FALSE
	EndGlobalSection
	GlobalSection(ProjectConfigurationPlatforms) = postSolution
		{1595D79B-122E-4FB9-9C2A-7B537E258679}.Debug|Any CPU.ActiveCfg = Debug|Any CPU
		{1595D79B-122E-4FB9-9C2A-7B537E258679}.Debug|Any CPU.Build.0 = Debug|Any CPU
		{1595D79B-122E-4FB9-9C2A-7B537E258679}.Release|Any CPU.ActiveCfg = Release|Any CPU
		{1595D79B-122E-4FB9-9C2A-7B537E258679}.Release|Any CPU.Build.0 = Release|Any CPU
		{841C163C-F0F0-48F2-B60E-4147F90CB969}.Debug|Any CPU.ActiveCfg = Debug|Any CPU
		{841C163C-F0F0-48F2-B60E-4147F90CB969}.Debug|Any CPU.Build.0 = Debug|Any CPU
		{841C163C-F0F0-48F2-B60E-4147F90CB969}.Release|Any CPU.ActiveCfg = Release|Any CPU
		{841C163C-F0F0-48F2-B60E-4147F90CB969}.Release|Any CPU.Build.0 = Release|Any CPU
		{89C509E4-4803-4E95-AFF3-178D1ED31229}.Debug|Any CPU.ActiveCfg = Debug|Any CPU
		{89C509E4-4803-4E95-AFF3-178D1ED31229}.Debug|Any CPU.Build.0 = Debug|Any CPU
		{89C509E4-4803-4E95-AFF3-178D1ED31229}.Release|Any CPU.ActiveCfg = Release|Any CPU
		{89C509E4-4803-4E95-AFF3-178D1ED31229}.Release|Any CPU.Build.0 = Release|Any CPU
	EndGlobalSection
EndGlobal
